
Microsoft Visual Studio Solution File, Format Version 12.00
# Visual Studio 14
VisualStudioVersion = 14.0.25420.1
MinimumVisualStudioVersion = 10.0.40219.1
Project("{FAE04EC0-301F-11D3-BF4B-00C04F79EFBC}") = "DeanAndSons", "DeanAndSons\DeanAndSons.csproj", "{79BEE2CF-F1A3-4970-8B82-479A5BDCC817}"
EndProject
Project("{FAE04EC0-301F-11D3-BF4B-00C04F79EFBC}") = "DeanAndSons.Tests", "DeanAndSons.Tests\DeanAndSons.Tests.csproj", "{51D42ECF-299A-4E6F-957C-8E0EE9295302}"
EndProject
Global
	GlobalSection(SolutionConfigurationPlatforms) = preSolution
		Debug|Any CPU = Debug|Any CPU
		Release|Any CPU = Release|Any CPU
	EndGlobalSection
	GlobalSection(ProjectConfigurationPlatforms) = postSolution
		{79BEE2CF-F1A3-4970-8B82-479A5BDCC817}.Debug|Any CPU.ActiveCfg = Debug|Any CPU
		{79BEE2CF-F1A3-4970-8B82-479A5BDCC817}.Debug|Any CPU.Build.0 = Debug|Any CPU
		{79BEE2CF-F1A3-4970-8B82-479A5BDCC817}.Release|Any CPU.ActiveCfg = Release|Any CPU
		{79BEE2CF-F1A3-4970-8B82-479A5BDCC817}.Release|Any CPU.Build.0 = Release|Any CPU
		{51D42ECF-299A-4E6F-957C-8E0EE9295302}.Debug|Any CPU.ActiveCfg = Debug|Any CPU
		{51D42ECF-299A-4E6F-957C-8E0EE9295302}.Debug|Any CPU.Build.0 = Debug|Any CPU
		{51D42ECF-299A-4E6F-957C-8E0EE9295302}.Release|Any CPU.ActiveCfg = Release|Any CPU
		{51D42ECF-299A-4E6F-957C-8E0EE9295302}.Release|Any CPU.Build.0 = Release|Any CPU
	EndGlobalSection
	GlobalSection(SolutionProperties) = preSolution
		HideSolutionNode = FALSE
	EndGlobalSection
EndGlobal
